
Microsoft Visual Studio Solution File, Format Version 12.00
# Visual Studio Version 17
VisualStudioVersion = 17.10.35013.160
MinimumVisualStudioVersion = 10.0.40219.1
Project("{9A19103F-16F7-4668-BE54-9A1E7A4F7556}") = "ManagementApp", "ManagementApp.csproj", "{2331F902-2CC3-4FFF-9055-CC206B85E36C}"
EndProject
Global
	GlobalSection(SolutionConfigurationPlatforms) = preSolution
		Debug|Any CPU = Debug|Any CPU
		Release|Any CPU = Release|Any CPU
	EndGlobalSection
	GlobalSection(ProjectConfigurationPlatforms) = postSolution
		{2331F902-2CC3-4FFF-9055-CC206B85E36C}.Debug|Any CPU.ActiveCfg = Debug|Any CPU
		{2331F902-2CC3-4FFF-9055-CC206B85E36C}.Debug|Any CPU.Build.0 = Debug|Any CPU
		{2331F902-2CC3-4FFF-9055-CC206B85E36C}.Release|Any CPU.ActiveCfg = Release|Any CPU
		{2331F902-2CC3-4FFF-9055-CC206B85E36C}.Release|Any CPU.Build.0 = Release|Any CPU
	EndGlobalSection
	GlobalSection(SolutionProperties) = preSolution
		HideSolutionNode = FALSE
	EndGlobalSection
	GlobalSection(ExtensibilityGlobals) = postSolution
		SolutionGuid = {7FB0B77F-32E7-4C2C-A83D-BFBB7481D7E0}
	EndGlobalSection
EndGlobal
